
Microsoft Visual Studio Solution File, Format Version 12.00
# Visual Studio 15
Project("{FAE04EC0-301F-11D3-BF4B-00C04F79EFBC}") = "NsnFramework", "NsnFramework.csproj", "{7151B859-4869-CF74-431D-93B0B95438B6}"
EndProject
Project("{FAE04EC0-301F-11D3-BF4B-00C04F79EFBC}") = "Assembly-CSharp", "Assembly-CSharp.csproj", "{867E3615-5087-6331-FBA6-0F8A0C5FB700}"
EndProject
Project("{FAE04EC0-301F-11D3-BF4B-00C04F79EFBC}") = "NsnEditor", "NsnEditor.csproj", "{F64FE7DE-3185-4CDF-150B-56E22AF252F2}"
EndProject
Project("{FAE04EC0-301F-11D3-BF4B-00C04F79EFBC}") = "Sirenix.OdinInspector.CompatibilityLayer", "Sirenix.OdinInspector.CompatibilityLayer.csproj", "{0E26668C-5AF5-FD05-CE0F-E00ECCCD9607}"
EndProject
Project("{FAE04EC0-301F-11D3-BF4B-00C04F79EFBC}") = "Sirenix.OdinInspector.CompatibilityLayer.Editor", "Sirenix.OdinInspector.CompatibilityLayer.Editor.csproj", "{20E6CF74-26CA-96F2-FA1C-B1078BBA6B1C}"
EndProject
Project("{FAE04EC0-301F-11D3-BF4B-00C04F79EFBC}") = "Sirenix.OdinValidator", "Sirenix.OdinValidator.csproj", "{5E11FCEA-3E93-C056-459C-0558DB0C3C0F}"
EndProject
Global
	GlobalSection(SolutionConfigurationPlatforms) = preSolution
		Debug|Any CPU = Debug|Any CPU
		Release|Any CPU = Release|Any CPU
	EndGlobalSection
	GlobalSection(ProjectConfigurationPlatforms) = postSolution
		{7151B859-4869-CF74-431D-93B0B95438B6}.Debug|Any CPU.ActiveCfg = Debug|Any CPU
		{7151B859-4869-CF74-431D-93B0B95438B6}.Debug|Any CPU.Build.0 = Debug|Any CPU
		{7151B859-4869-CF74-431D-93B0B95438B6}.Release|Any CPU.ActiveCfg = Release|Any CPU
		{7151B859-4869-CF74-431D-93B0B95438B6}.Release|Any CPU.Build.0 = Release|Any CPU
		{867E3615-5087-6331-FBA6-0F8A0C5FB700}.Debug|Any CPU.ActiveCfg = Debug|Any CPU
		{867E3615-5087-6331-FBA6-0F8A0C5FB700}.Debug|Any CPU.Build.0 = Debug|Any CPU
		{867E3615-5087-6331-FBA6-0F8A0C5FB700}.Release|Any CPU.ActiveCfg = Release|Any CPU
		{867E3615-5087-6331-FBA6-0F8A0C5FB700}.Release|Any CPU.Build.0 = Release|Any CPU
		{F64FE7DE-3185-4CDF-150B-56E22AF252F2}.Debug|Any CPU.ActiveCfg = Debug|Any CPU
		{F64FE7DE-3185-4CDF-150B-56E22AF252F2}.Debug|Any CPU.Build.0 = Debug|Any CPU
		{F64FE7DE-3185-4CDF-150B-56E22AF252F2}.Release|Any CPU.ActiveCfg = Release|Any CPU
		{F64FE7DE-3185-4CDF-150B-56E22AF252F2}.Release|Any CPU.Build.0 = Release|Any CPU
		{0E26668C-5AF5-FD05-CE0F-E00ECCCD9607}.Debug|Any CPU.ActiveCfg = Debug|Any CPU
		{0E26668C-5AF5-FD05-CE0F-E00ECCCD9607}.Debug|Any CPU.Build.0 = Debug|Any CPU
		{0E26668C-5AF5-FD05-CE0F-E00ECCCD9607}.Release|Any CPU.ActiveCfg = Release|Any CPU
		{0E26668C-5AF5-FD05-CE0F-E00ECCCD9607}.Release|Any CPU.Build.0 = Release|Any CPU
		{20E6CF74-26CA-96F2-FA1C-B1078BBA6B1C}.Debug|Any CPU.ActiveCfg = Debug|Any CPU
		{20E6CF74-26CA-96F2-FA1C-B1078BBA6B1C}.Debug|Any CPU.Build.0 = Debug|Any CPU
		{20E6CF74-26CA-96F2-FA1C-B1078BBA6B1C}.Release|Any CPU.ActiveCfg = Release|Any CPU
		{20E6CF74-26CA-96F2-FA1C-B1078BBA6B1C}.Release|Any CPU.Build.0 = Release|Any CPU
		{5E11FCEA-3E93-C056-459C-0558DB0C3C0F}.Debug|Any CPU.ActiveCfg = Debug|Any CPU
		{5E11FCEA-3E93-C056-459C-0558DB0C3C0F}.Debug|Any CPU.Build.0 = Debug|Any CPU
		{5E11FCEA-3E93-C056-459C-0558DB0C3C0F}.Release|Any CPU.ActiveCfg = Release|Any CPU
		{5E11FCEA-3E93-C056-459C-0558DB0C3C0F}.Release|Any CPU.Build.0 = Release|Any CPU
	EndGlobalSection
	GlobalSection(SolutionProperties) = preSolution
		HideSolutionNode = FALSE
	EndGlobalSection
EndGlobal
